
Microsoft Visual Studio Solution File, Format Version 12.00
Project("{FAE04EC0-301F-11D3-BF4B-00C04F79EFBC}") = "InformationRetrieval", "InformationRetrieval\InformationRetrieval.csproj", "{BF066561-252B-46CC-824F-27B0F39CC15F}"
EndProject
Global
	GlobalSection(SolutionConfigurationPlatforms) = preSolution
		Debug|Any CPU = Debug|Any CPU
		Release|Any CPU = Release|Any CPU
	EndGlobalSection
	GlobalSection(ProjectConfigurationPlatforms) = postSolution
		{BF066561-252B-46CC-824F-27B0F39CC15F}.Debug|Any CPU.ActiveCfg = Debug|Any CPU
		{BF066561-252B-46CC-824F-27B0F39CC15F}.Debug|Any CPU.Build.0 = Debug|Any CPU
		{BF066561-252B-46CC-824F-27B0F39CC15F}.Release|Any CPU.ActiveCfg = Release|Any CPU
		{BF066561-252B-46CC-824F-27B0F39CC15F}.Release|Any CPU.Build.0 = Release|Any CPU
	EndGlobalSection
EndGlobal
